// !$*UTF8*$!
{
	archiveVersion = 1;
	classes = {
	};
	objectVersion = 50;
	objects = {

/* Begin PBXBuildFile section */
		5B6507992AA5D37A009D3F11 /* AppDelegate.swift in Sources */ = {isa = PBXBuildFile; fileRef = 5B6507982AA5D37A009D3F11 /* AppDelegate.swift */; };
		5B65079B2AA5D37A009D3F11 /* SceneDelegate.swift in Sources */ = {isa = PBXBuildFile; fileRef = 5B65079A2AA5D37A009D3F11 /* SceneDelegate.swift */; };
		5B65079D2AA5D37A009D3F11 /* EmojiArtDocumentView.swift in Sources */ = {isa = PBXBuildFile; fileRef = 5B65079C2AA5D37A009D3F11 /* EmojiArtDocumentView.swift */; };
		5B65079F2AA5D37B009D3F11 /* Assets.xcassets in Resources */ = {isa = PBXBuildFile; fileRef = 5B65079E2AA5D37B009D3F11 /* Assets.xcassets */; };
		5B6507A22AA5D37B009D3F11 /* Preview Assets.xcassets in Resources */ = {isa = PBXBuildFile; fileRef = 5B6507A12AA5D37B009D3F11 /* Preview Assets.xcassets */; };
		5B6507A52AA5D37B009D3F11 /* LaunchScreen.storyboard in Resources */ = {isa = PBXBuildFile; fileRef = 5B6507A32AA5D37B009D3F11 /* LaunchScreen.storyboard */; };
		5B6507AE2AA5D87D009D3F11 /* EmojiArtDocument.swift in Sources */ = {isa = PBXBuildFile; fileRef = 5B6507AD2AA5D87D009D3F11 /* EmojiArtDocument.swift */; };
		5BF7ABE02AA5E55C005051E7 /* EmojiArt.swift in Sources */ = {isa = PBXBuildFile; fileRef = 5BF7ABDF2AA5E55C005051E7 /* EmojiArt.swift */; };
		5BF7ABE42AA5F91D005051E7 /* EmojiArtExtensions.swift in Sources */ = {isa = PBXBuildFile; fileRef = 5BF7ABE32AA5F91D005051E7 /* EmojiArtExtensions.swift */; };
/* End PBXBuildFile section */

/* Begin PBXFileReference section */
		5B6507952AA5D37A009D3F11 /* EmojiArt.app */ = {isa = PBXFileReference; explicitFileType = wrapper.application; includeInIndex = 0; path = EmojiArt.app; sourceTree = BUILT_PRODUCTS_DIR; };
		5B6507982AA5D37A009D3F11 /* AppDelegate.swift */ = {isa = PBXFileReference; lastKnownFileType = sourcecode.swift; path = AppDelegate.swift; sourceTree = "<group>"; };
		5B65079A2AA5D37A009D3F11 /* SceneDelegate.swift */ = {isa = PBXFileReference; lastKnownFileType = sourcecode.swift; path = SceneDelegate.swift; sourceTree = "<group>"; };
		5B65079C2AA5D37A009D3F11 /* EmojiArtDocumentView.swift */ = {isa = PBXFileReference; lastKnownFileType = sourcecode.swift; path = EmojiArtDocumentView.swift; sourceTree = "<group>"; };
		5B65079E2AA5D37B009D3F11 /* Assets.xcassets */ = {isa = PBXFileReference; lastKnownFileType = folder.assetcatalog; path = Assets.xcassets; sourceTree = "<group>"; };
		5B6507A12AA5D37B009D3F11 /* Preview Assets.xcassets */ = {isa = PBXFileReference; lastKnownFileType = folder.assetcatalog; path = "Preview Assets.xcassets"; sourceTree = "<group>"; };
		5B6507A42AA5D37B009D3F11 /* Base */ = {isa = PBXFileReference; lastKnownFileType = file.storyboard; name = Base; path = Base.lproj/LaunchScreen.storyboard; sourceTree = "<group>"; };
		5B6507A62AA5D37B009D3F11 /* Info.plist */ = {isa = PBXFileReference; lastKnownFileType = text.plist.xml; path = Info.plist; sourceTree = "<group>"; };
		5B6507AD2AA5D87D009D3F11 /* EmojiArtDocument.swift */ = {isa = PBXFileReference; lastKnownFileType = sourcecode.swift; path = EmojiArtDocument.swift; sourceTree = "<group>"; };
		5BF7ABDF2AA5E55C005051E7 /* EmojiArt.swift */ = {isa = PBXFileReference; lastKnownFileType = sourcecode.swift; path = EmojiArt.swift; sourceTree = "<group>"; };
		5BF7ABE32AA5F91D005051E7 /* EmojiArtExtensions.swift */ = {isa = PBXFileReference; fileEncoding = 4; lastKnownFileType = sourcecode.swift; path = EmojiArtExtensions.swift; sourceTree = "<group>"; };
/* End PBXFileReference section */

/* Begin PBXFrameworksBuildPhase section */
		5B6507922AA5D37A009D3F11 /* Frameworks */ = {
			isa = PBXFrameworksBuildPhase;
			buildActionMask = 2147483647;
			files = (
			);
			runOnlyForDeploymentPostprocessing = 0;
		};
/* End PBXFrameworksBuildPhase section */

/* Begin PBXGroup section */
		5B65078C2AA5D37A009D3F11 = {
			isa = PBXGroup;
			children = (
				5B6507972AA5D37A009D3F11 /* EmojiArt */,
				5B6507962AA5D37A009D3F11 /* Products */,
			);
			sourceTree = "<group>";
		};
		5B6507962AA5D37A009D3F11 /* Products */ = {
			isa = PBXGroup;
			children = (
				5B6507952AA5D37A009D3F11 /* EmojiArt.app */,
			);
			name = Products;
			sourceTree = "<group>";
		};
		5B6507972AA5D37A009D3F11 /* EmojiArt */ = {
			isa = PBXGroup;
			children = (
				5B6507AD2AA5D87D009D3F11 /* EmojiArtDocument.swift */,
				5B65079C2AA5D37A009D3F11 /* EmojiArtDocumentView.swift */,
				5BF7ABDF2AA5E55C005051E7 /* EmojiArt.swift */,
				5BF7ABE32AA5F91D005051E7 /* EmojiArtExtensions.swift */,
				5B6507982AA5D37A009D3F11 /* AppDelegate.swift */,
				5B65079A2AA5D37A009D3F11 /* SceneDelegate.swift */,
				5B65079E2AA5D37B009D3F11 /* Assets.xcassets */,
				5B6507A32AA5D37B009D3F11 /* LaunchScreen.storyboard */,
				5B6507A62AA5D37B009D3F11 /* Info.plist */,
				5B6507A02AA5D37B009D3F11 /* Preview Content */,
			);
			path = EmojiArt;
			sourceTree = "<group>";
		};
		5B6507A02AA5D37B009D3F11 /* Preview Content */ = {
			isa = PBXGroup;
			children = (
				5B6507A12AA5D37B009D3F11 /* Preview Assets.xcassets */,
			);
			path = "Preview Content";
			sourceTree = "<group>";
		};
/* End PBXGroup section */

/* Begin PBXNativeTarget section */
		5B6507942AA5D37A009D3F11 /* EmojiArt */ = {
			isa = PBXNativeTarget;
			buildConfigurationList = 5B6507A92AA5D37B009D3F11 /* Build configuration list for PBXNativeTarget "EmojiArt" */;
			buildPhases = (
				5B6507912AA5D37A009D3F11 /* Sources */,
				5B6507922AA5D37A009D3F11 /* Frameworks */,
				5B6507932AA5D37A009D3F11 /* Resources */,
			);
			buildRules = (
			);
			dependencies = (
			);
			name = EmojiArt;
			productName = EmojiArt;
			productReference = 5B6507952AA5D37A009D3F11 /* EmojiArt.app */;
			productType = "com.apple.product-type.application";
		};
/* End PBXNativeTarget section */

/* Begin PBXProject section */
		5B65078D2AA5D37A009D3F11 /* Project object */ = {
			isa = PBXProject;
			attributes = {
				LastSwiftUpdateCheck = 1240;
				LastUpgradeCheck = 1240;
				TargetAttributes = {
					5B6507942AA5D37A009D3F11 = {
						CreatedOnToolsVersion = 12.4;
					};
				};
			};
			buildConfigurationList = 5B6507902AA5D37A009D3F11 /* Build configuration list for PBXProject "EmojiArt" */;
			compatibilityVersion = "Xcode 9.3";
			developmentRegion = en;
			hasScannedForEncodings = 0;
			knownRegions = (
				en,
				Base,
			);
			mainGroup = 5B65078C2AA5D37A009D3F11;
			productRefGroup = 5B6507962AA5D37A009D3F11 /* Products */;
			projectDirPath = "";
			projectRoot = "";
			targets = (
				5B6507942AA5D37A009D3F11 /* EmojiArt */,
			);
		};
/* End PBXProject section */

/* Begin PBXResourcesBuildPhase section */
		5B6507932AA5D37A009D3F11 /* Resources */ = {
			isa = PBXResourcesBuildPhase;
			buildActionMask = 2147483647;
			files = (
				5B6507A52AA5D37B009D3F11 /* LaunchScreen.storyboard in Resources */,
				5B6507A22AA5D37B009D3F11 /* Preview Assets.xcassets in Resources */,
				5B65079F2AA5D37B009D3F11 /* Assets.xcassets in Resources */,
			);
			runOnlyForDeploymentPostprocessing = 0;
		};
/* End PBXResourcesBuildPhase section */

/* Begin PBXSourcesBuildPhase section */
		5B6507912AA5D37A009D3F11 /* Sources */ = {
			isa = PBXSourcesBuildPhase;
			buildActionMask = 2147483647;
			files = (
				5B6507992AA5D37A009D3F11 /* AppDelegate.swift in Sources */,
				5B65079B2AA5D37A009D3F11 /* SceneDelegate.swift in Sources */,
				5BF7ABE42AA5F91D005051E7 /* EmojiArtExtensions.swift in Sources */,
				5BF7ABE02AA5E55C005051E7 /* EmojiArt.swift in Sources */,
				5B65079D2AA5D37A009D3F11 /* EmojiArtDocumentView.swift in Sources */,
				5B6507AE2AA5D87D009D3F11 /* EmojiArtDocument.swift in Sources */,
			);
			runOnlyForDeploymentPostprocessing = 0;
		};
/* End PBXSourcesBuildPhase section */

/* Begin PBXVariantGroup section */
		5B6507A32AA5D37B009D3F11 /* LaunchScreen.storyboard */ = {
			isa = PBXVariantGroup;
			children = (
				5B6507A42AA5D37B009D3F11 /* Base */,
			);
			name = LaunchScreen.storyboard;
			sourceTree = "<group>";
		};
/* End PBXVariantGroup section */

/* Begin XCBuildConfiguration section */
		5B6507A72AA5D37B009D3F11 /* Debug */ = {
			isa = XCBuildConfiguration;
			buildSettings = {
				ALWAYS_SEARCH_USER_PATHS = NO;
				CLANG_ANALYZER_NONNULL = YES;
				CLANG_ANALYZER_NUMBER_OBJECT_CONVERSION = YES_AGGRESSIVE;
				CLANG_CXX_LANGUAGE_STANDARD = "gnu++14";
				CLANG_CXX_LIBRARY = "libc++";
				CLANG_ENABLE_MODULES = YES;
				CLANG_ENABLE_OBJC_ARC = YES;
				CLANG_ENABLE_OBJC_WEAK = YES;
				CLANG_WARN_BLOCK_CAPTURE_AUTORELEASING = YES;
				CLANG_WARN_BOOL_CONVERSION = YES;
				CLANG_WARN_COMMA = YES;
				CLANG_WARN_CONSTANT_CONVERSION = YES;
				CLANG_WARN_DEPRECATED_OBJC_IMPLEMENTATIONS = YES;
				CLANG_WARN_DIRECT_OBJC_ISA_USAGE = YES_ERROR;
				CLANG_WARN_DOCUMENTATION_COMMENTS = YES;
				CLANG_WARN_EMPTY_BODY = YES;
				CLANG_WARN_ENUM_CONVERSION = YES;
				CLANG_WARN_INFINITE_RECURSION = YES;
				CLANG_WARN_INT_CONVERSION = YES;
				CLANG_WARN_NON_LITERAL_NULL_CONVERSION = YES;
				CLANG_WARN_OBJC_IMPLICIT_RETAIN_SELF = YES;
				CLANG_WARN_OBJC_LITERAL_CONVERSION = YES;
				CLANG_WARN_OBJC_ROOT_CLASS = YES_ERROR;
				CLANG_WARN_QUOTED_INCLUDE_IN_FRAMEWORK_HEADER = YES;
				CLANG_WARN_RANGE_LOOP_ANALYSIS = YES;
				CLANG_WARN_STRICT_PROTOTYPES = YES;
				CLANG_WARN_SUSPICIOUS_MOVE = YES;
				CLANG_WARN_UNGUARDED_AVAILABILITY = YES_AGGRESSIVE;
				CLANG_WARN_UNREACHABLE_CODE = YES;
				CLANG_WARN__DUPLICATE_METHOD_MATCH = YES;
				COPY_PHASE_STRIP = NO;
				DEBUG_INFORMATION_FORMAT = dwarf;
				ENABLE_STRICT_OBJC_MSGSEND = YES;
				ENABLE_TESTABILITY = YES;
				GCC_C_LANGUAGE_STANDARD = gnu11;
				GCC_DYNAMIC_NO_PIC = NO;
				GCC_NO_COMMON_BLOCKS = YES;
				GCC_OPTIMIZATION_LEVEL = 0;
				GCC_PREPROCESSOR_DEFINITIONS = (
					"DEBUG=1",
					"$(inherited)",
				);
				GCC_WARN_64_TO_32_BIT_CONVERSION = YES;
				GCC_WARN_ABOUT_RETURN_TYPE = YES_ERROR;
				GCC_WARN_UNDECLARED_SELECTOR = YES;
				GCC_WARN_UNINITIALIZED_AUTOS = YES_AGGRESSIVE;
				GCC_WARN_UNUSED_FUNCTION = YES;
				GCC_WARN_UNUSED_VARIABLE = YES;
				IPHONEOS_DEPLOYMENT_TARGET = 14.4;
				MTL_ENABLE_DEBUG_INFO = INCLUDE_SOURCE;
				MTL_FAST_MATH = YES;
				ONLY_ACTIVE_ARCH = YES;
				SDKROOT = iphoneos;
				SWIFT_ACTIVE_COMPILATION_CONDITIONS = DEBUG;
				SWIFT_OPTIMIZATION_LEVEL = "-Onone";
			};
			name = Debug;
		};
		5B6507A82AA5D37B009D3F11 /* Release */ = {
			isa = XCBuildConfiguration;
			buildSettings = {
				ALWAYS_SEARCH_USER_PATHS = NO;
				CLANG_ANALYZER_NONNULL = YES;
				CLANG_ANALYZER_NUMBER_OBJECT_CONVERSION = YES_AGGRESSIVE;
				CLANG_CXX_LANGUAGE_STANDARD = "gnu++14";
				CLANG_CXX_LIBRARY = "libc++";
				CLANG_ENABLE_MODULES = YES;
				CLANG_ENABLE_OBJC_ARC = YES;
				CLANG_ENABLE_OBJC_WEAK = YES;
				CLANG_WARN_BLOCK_CAPTURE_AUTORELEASING = YES;
				CLANG_WARN_BOOL_CONVERSION = YES;
				CLANG_WARN_COMMA = YES;
				CLANG_WARN_CONSTANT_CONVERSION = YES;
				CLANG_WARN_DEPRECATED_OBJC_IMPLEMENTATIONS = YES;
				CLANG_WARN_DIRECT_OBJC_ISA_USAGE = YES_ERROR;
				CLANG_WARN_DOCUMENTATION_COMMENTS = YES;
				CLANG_WARN_EMPTY_BODY = YES;
				CLANG_WARN_ENUM_CONVERSION = YES;
				CLANG_WARN_INFINITE_RECURSION = YES;
				CLANG_WARN_INT_CONVERSION = YES;
				CLANG_WARN_NON_LITERAL_NULL_CONVERSION = YES;
				CLANG_WARN_OBJC_IMPLICIT_RETAIN_SELF = YES;
				CLANG_WARN_OBJC_LITERAL_CONVERSION = YES;
				CLANG_WARN_OBJC_ROOT_CLASS = YES_ERROR;
				CLANG_WARN_QUOTED_INCLUDE_IN_FRAMEWORK_HEADER = YES;
				CLANG_WARN_RANGE_LOOP_ANALYSIS = YES;
				CLANG_WARN_STRICT_PROTOTYPES = YES;
				CLANG_WARN_SUSPICIOUS_MOVE = YES;
				CLANG_WARN_UNGUARDED_AVAILABILITY = YES_AGGRESSIVE;
				CLANG_WARN_UNREACHABLE_CODE = YES;
				CLANG_WARN__DUPLICATE_METHOD_MATCH = YES;
				COPY_PHASE_STRIP = NO;
				DEBUG_INFORMATION_FORMAT = "dwarf-with-dsym";
				ENABLE_NS_ASSERTIONS = NO;
				ENABLE_STRICT_OBJC_MSGSEND = YES;
				GCC_C_LANGUAGE_STANDARD = gnu11;
				GCC_NO_COMMON_BLOCKS = YES;
				GCC_WARN_64_TO_32_BIT_CONVERSION = YES;
				GCC_WARN_ABOUT_RETURN_TYPE = YES_ERROR;
				GCC_WARN_UNDECLARED_SELECTOR = YES;
				GCC_WARN_UNINITIALIZED_AUTOS = YES_AGGRESSIVE;
				GCC_WARN_UNUSED_FUNCTION = YES;
				GCC_WARN_UNUSED_VARIABLE = YES;
				IPHONEOS_DEPLOYMENT_TARGET = 14.4;
				MTL_ENABLE_DEBUG_INFO = NO;
				MTL_FAST_MATH = YES;
				SDKROOT = iphoneos;
				SWIFT_COMPILATION_MODE = wholemodule;
				SWIFT_OPTIMIZATION_LEVEL = "-O";
				VALIDATE_PRODUCT = YES;
			};
			name = Release;
		};
		5B6507AA2AA5D37B009D3F11 /* Debug */ = {
			isa = XCBuildConfiguration;
			buildSettings = {
				ASSETCATALOG_COMPILER_APPICON_NAME = AppIcon;
				ASSETCATALOG_COMPILER_GLOBAL_ACCENT_COLOR_NAME = AccentColor;
				CODE_SIGN_STYLE = Automatic;
				DEVELOPMENT_ASSET_PATHS = "\"EmojiArt/Preview Content\"";
				DEVELOPMENT_TEAM = 2Q3LL4NNS4;
				ENABLE_PREVIEWS = YES;
				INFOPLIST_FILE = EmojiArt/Info.plist;
				LD_RUNPATH_SEARCH_PATHS = (
					"$(inherited)",
					"@executable_path/Frameworks",
				);
				PRODUCT_BUNDLE_IDENTIFIER = edu.stanford.cs193p.tkch.aleksey.EmojiArt;
				PRODUCT_NAME = "$(TARGET_NAME)";
				SWIFT_VERSION = 5.0;
				TARGETED_DEVICE_FAMILY = "1,2";
			};
			name = Debug;
		};
		5B6507AB2AA5D37B009D3F11 /* Release */ = {
			isa = XCBuildConfiguration;
			buildSettings = {
				ASSETCATALOG_COMPILER_APPICON_NAME = AppIcon;
				ASSETCATALOG_COMPILER_GLOBAL_ACCENT_COLOR_NAME = AccentColor;
				CODE_SIGN_STYLE = Automatic;
				DEVELOPMENT_ASSET_PATHS = "\"EmojiArt/Preview Content\"";
				DEVELOPMENT_TEAM = 2Q3LL4NNS4;
				ENABLE_PREVIEWS = YES;
				INFOPLIST_FILE = EmojiArt/Info.plist;
				LD_RUNPATH_SEARCH_PATHS = (
					"$(inherited)",
					"@executable_path/Frameworks",
				);
				PRODUCT_BUNDLE_IDENTIFIER = edu.stanford.cs193p.tkch.aleksey.EmojiArt;
				PRODUCT_NAME = "$(TARGET_NAME)";
				SWIFT_VERSION = 5.0;
				TARGETED_DEVICE_FAMILY = "1,2";
			};
			name = Release;
		};
/* End XCBuildConfiguration section */

/* Begin XCConfigurationList section */
		5B6507902AA5D37A009D3F11 /* Build configuration list for PBXProject "EmojiArt" */ = {
			isa = XCConfigurationList;
			buildConfigurations = (
				5B6507A72AA5D37B009D3F11 /* Debug */,
				5B6507A82AA5D37B009D3F11 /* Release */,
			);
			defaultConfigurationIsVisible = 0;
			defaultConfigurationName = Release;
		};
		5B6507A92AA5D37B009D3F11 /* Build configuration list for PBXNativeTarget "EmojiArt" */ = {
			isa = XCConfigurationList;
			buildConfigurations = (
				5B6507AA2AA5D37B009D3F11 /* Debug */,
				5B6507AB2AA5D37B009D3F11 /* Release */,
			);
			defaultConfigurationIsVisible = 0;
			defaultConfigurationName = Release;
		};
/* End XCConfigurationList section */
	};
	rootObject = 5B65078D2AA5D37A009D3F11 /* Project object */;
}
